<Solution>
  <Project Path="ModsAutomator.Core/ModsAutomator.Core.csproj" />
  <Project Path="ModsAutomator.Data/ModsAutomator.Data.csproj" />
  <Project Path="ModsAutomator.Desktop/ModsAutomator.Desktop.csproj" />
  <Project Path="ModsAutomator.Services/ModsAutomator.Services.csproj" />
</Solution>
